
Microsoft Visual Studio Solution File, Format Version 12.00
# Visual Studio Version 17
VisualStudioVersion = 17.5.33627.172
MinimumVisualStudioVersion = 10.0.40219.1
Project("{FAE04EC0-301F-11D3-BF4B-00C04F79EFBC}") = "asp1intento20003529", "asp1intento20003529\asp1intento20003529.csproj", "{64D565B2-7581-498E-B29D-18ECD02F9D40}"
EndProject
Global
	GlobalSection(SolutionConfigurationPlatforms) = preSolution
		Debug|Any CPU = Debug|Any CPU
		Release|Any CPU = Release|Any CPU
	EndGlobalSection
	GlobalSection(ProjectConfigurationPlatforms) = postSolution
		{64D565B2-7581-498E-B29D-18ECD02F9D40}.Debug|Any CPU.ActiveCfg = Debug|Any CPU
		{64D565B2-7581-498E-B29D-18ECD02F9D40}.Debug|Any CPU.Build.0 = Debug|Any CPU
		{64D565B2-7581-498E-B29D-18ECD02F9D40}.Release|Any CPU.ActiveCfg = Release|Any CPU
		{64D565B2-7581-498E-B29D-18ECD02F9D40}.Release|Any CPU.Build.0 = Release|Any CPU
	EndGlobalSection
	GlobalSection(SolutionProperties) = preSolution
		HideSolutionNode = FALSE
	EndGlobalSection
	GlobalSection(ExtensibilityGlobals) = postSolution
		SolutionGuid = {B0332ED1-9B93-46C8-B54C-60BB0C97C50B}
	EndGlobalSection
EndGlobal
